
Microsoft Visual Studio Solution File, Format Version 12.00
# Visual Studio Version 17
VisualStudioVersion = 17.5.33530.505
MinimumVisualStudioVersion = 10.0.40219.1
Project("{FAE04EC0-301F-11D3-BF4B-00C04F79EFBC}") = "Calculator", "Calculator\Calculator.csproj", "{213F9855-7196-4044-B65E-3A92EE9AC504}"
EndProject
Project("{2150E333-8FDC-42A3-9474-1A3956D46DE8}") = "Solution Items", "Solution Items", "{ACB30878-E767-494A-87BC-3AF9C91BC825}"
	ProjectSection(SolutionItems) = preProject
		.editorconfig = .editorconfig
	EndProjectSection
EndProject
Project("{FAE04EC0-301F-11D3-BF4B-00C04F79EFBC}") = "Collection", "Collection\Collection.csproj", "{527999EF-D15B-4409-BF91-E7D4EBCC0BBB}"
EndProject
Global
	GlobalSection(SolutionConfigurationPlatforms) = preSolution
		Debug|Any CPU = Debug|Any CPU
		Release|Any CPU = Release|Any CPU
	EndGlobalSection
	GlobalSection(ProjectConfigurationPlatforms) = postSolution
		{213F9855-7196-4044-B65E-3A92EE9AC504}.Debug|Any CPU.ActiveCfg = Debug|Any CPU
		{213F9855-7196-4044-B65E-3A92EE9AC504}.Debug|Any CPU.Build.0 = Debug|Any CPU
		{213F9855-7196-4044-B65E-3A92EE9AC504}.Release|Any CPU.ActiveCfg = Release|Any CPU
		{213F9855-7196-4044-B65E-3A92EE9AC504}.Release|Any CPU.Build.0 = Release|Any CPU
		{527999EF-D15B-4409-BF91-E7D4EBCC0BBB}.Debug|Any CPU.ActiveCfg = Debug|Any CPU
		{527999EF-D15B-4409-BF91-E7D4EBCC0BBB}.Debug|Any CPU.Build.0 = Debug|Any CPU
		{527999EF-D15B-4409-BF91-E7D4EBCC0BBB}.Release|Any CPU.ActiveCfg = Release|Any CPU
		{527999EF-D15B-4409-BF91-E7D4EBCC0BBB}.Release|Any CPU.Build.0 = Release|Any CPU
	EndGlobalSection
	GlobalSection(SolutionProperties) = preSolution
		HideSolutionNode = FALSE
	EndGlobalSection
	GlobalSection(ExtensibilityGlobals) = postSolution
		SolutionGuid = {0D1EDC46-4F67-478F-A4EC-36991F0D7553}
	EndGlobalSection
EndGlobal
