
Microsoft Visual Studio Solution File, Format Version 12.00
# Visual Studio Version 17
VisualStudioVersion = 17.5.33530.505
MinimumVisualStudioVersion = 10.0.40219.1
Project("{FAE04EC0-301F-11D3-BF4B-00C04F79EFBC}") = "Collection", "Collection\Collection.csproj", "{A39F183A-D53D-4868-87CE-83F2774F1454}"
EndProject
Project("{2150E333-8FDC-42A3-9474-1A3956D46DE8}") = "Solution Items", "Solution Items", "{9B23ECD9-038B-4ED0-B4A3-8F8B857D7E93}"
	ProjectSection(SolutionItems) = preProject
		.editorconfig = .editorconfig
	EndProjectSection
EndProject
Global
	GlobalSection(SolutionConfigurationPlatforms) = preSolution
		Debug|Any CPU = Debug|Any CPU
		Release|Any CPU = Release|Any CPU
	EndGlobalSection
	GlobalSection(ProjectConfigurationPlatforms) = postSolution
		{A39F183A-D53D-4868-87CE-83F2774F1454}.Debug|Any CPU.ActiveCfg = Debug|Any CPU
		{A39F183A-D53D-4868-87CE-83F2774F1454}.Debug|Any CPU.Build.0 = Debug|Any CPU
		{A39F183A-D53D-4868-87CE-83F2774F1454}.Release|Any CPU.ActiveCfg = Release|Any CPU
		{A39F183A-D53D-4868-87CE-83F2774F1454}.Release|Any CPU.Build.0 = Release|Any CPU
	EndGlobalSection
	GlobalSection(SolutionProperties) = preSolution
		HideSolutionNode = FALSE
	EndGlobalSection
	GlobalSection(ExtensibilityGlobals) = postSolution
		SolutionGuid = {10874146-12D1-4426-9A94-9ECE7E7A7D8A}
	EndGlobalSection
EndGlobal
